PODS:
  - ZHHMediaScrollView (0.0.2):
    - ZHHMediaScrollView/Core (= 0.0.2)
  - ZHHMediaScrollView/Core (0.0.2)

DEPENDENCIES:
  - ZHHMediaScrollView (from `../`)

EXTERNAL SOURCES:
  ZHHMediaScrollView:
    :path: "../"

SPEC CHECKSUMS:
  ZHHMediaScrollView: c15e5d00f34a5838de9e19a0145ecbf44a610ffa

PODFILE CHECKSUM: 05446341d3235efcd522cb0ea8f6ff9f0f42d633

COCOAPODS: 1.16.2
