PODS:
  - ZHHMediaScrollView (0.0.1):
    - ZHHMediaScrollView/Core (= 0.0.1)
  - ZHHMediaScrollView/Core (0.0.1)

DEPENDENCIES:
  - ZHHMediaScrollView (from `../`)

EXTERNAL SOURCES:
  ZHHMediaScrollView:
    :path: "../"

SPEC CHECKSUMS:
  ZHHMediaScrollView: b2a4edbe319a40adf4677571d9f9046fb7a2ae3c

PODFILE CHECKSUM: 05446341d3235efcd522cb0ea8f6ff9f0f42d633

COCOAPODS: 1.16.2
